
Microsoft Visual Studio Solution File, Format Version 12.00
# Visual Studio Version 16
VisualStudioVersion = 16.0.29306.81
MinimumVisualStudioVersion = 10.0.40219.1
Project("{FAE04EC0-301F-11D3-BF4B-00C04F79EFBC}") = "MyServiceWindows", "MyServiceWindows\MyServiceWindows.csproj", "{C25A6CAE-2448-4343-85FF-DF2147C4AD01}"
EndProject
Global
	GlobalSection(SolutionConfigurationPlatforms) = preSolution
		Debug|Any CPU = Debug|Any CPU
		Release|Any CPU = Release|Any CPU
	EndGlobalSection
	GlobalSection(ProjectConfigurationPlatforms) = postSolution
		{C25A6CAE-2448-4343-85FF-DF2147C4AD01}.Debug|Any CPU.ActiveCfg = Debug|Any CPU
		{C25A6CAE-2448-4343-85FF-DF2147C4AD01}.Debug|Any CPU.Build.0 = Debug|Any CPU
		{C25A6CAE-2448-4343-85FF-DF2147C4AD01}.Release|Any CPU.ActiveCfg = Release|Any CPU
		{C25A6CAE-2448-4343-85FF-DF2147C4AD01}.Release|Any CPU.Build.0 = Release|Any CPU
	EndGlobalSection
	GlobalSection(SolutionProperties) = preSolution
		HideSolutionNode = FALSE
	EndGlobalSection
	GlobalSection(ExtensibilityGlobals) = postSolution
		SolutionGuid = {6AA362B2-1A4B-45C4-9E84-E529EA719694}
	EndGlobalSection
EndGlobal
